<?xml version="1.0" encoding="utf-8"?>
<Project ToolsVersion="4.0" xmlns="http://schemas.microsoft.com/developer/msbuild/2003">
  <ItemGroup>
    <Filter Include="Archivos de origen">
      <UniqueIdentifier>{4FC737F1-C7A5-4376-A066-2A32D752A2FF}</UniqueIdentifier>
      <Extensions>cpp;c;cc;cxx;c++;cppm;ixx;def;odl;idl;hpj;bat;asm;asmx</Extensions>
    </Filter>
    <Filter Include="Archivos de encabezado">
      <UniqueIdentifier>{93995380-89BD-4b04-88EB-625FBE52EBFB}</UniqueIdentifier>
      <Extensions>h;hh;hpp;hxx;h++;hm;inl;inc;ipp;xsd</Extensions>
    </Filter>
    <Filter Include="Archivos de recursos">
      <UniqueIdentifier>{67DA6AB6-F800-4c08-8B7A-83BB121AAD01}</UniqueIdentifier>
      <Extensions>rc;ico;cur;bmp;dlg;rc2;rct;bin;rgs;gif;jpg;jpeg;jpe;resx;tiff;tif;png;wav;mfcribbon-ms</Extensions>
    </Filter>
    <Filter Include="Archivos de origen\Login">
      <UniqueIdentifier>{c505dba6-bbdc-4004-9545-16e33549cf4c}</UniqueIdentifier>
    </Filter>
    <Filter Include="Archivos de encabezado\Login">
      <UniqueIdentifier>{bfb06483-281e-4d75-b686-75ac81a81a47}</UniqueIdentifier>
    </Filter>
    <Filter Include="Archivos de origen\Usuario">
      <UniqueIdentifier>{1c97e08f-9849-4fa9-a33b-b92cb7edd48d}</UniqueIdentifier>
    </Filter>
    <Filter Include="Archivos de encabezado\Usuario">
      <UniqueIdentifier>{8d0faef1-fe93-4ac2-8777-5c6d7dd4f212}</UniqueIdentifier>
    </Filter>
    <Filter Include="Archivos de origen\Clases">
      <UniqueIdentifier>{2a4b7c62-3d52-41a0-8a3f-5ae494a0ac3c}</UniqueIdentifier>
    </Filter>
    <Filter Include="Archivos de encabezado\Clases">
      <UniqueIdentifier>{6680d042-c610-4b0d-8aa2-ec88340ab751}</UniqueIdentifier>
    </Filter>
    <Filter Include="Archivos de encabezado\Utilidades">
      <UniqueIdentifier>{58031892-280d-4046-a7a7-fb3d96900cb2}</UniqueIdentifier>
    </Filter>
    <Filter Include="Archivos de origen\Utilidades">
      <UniqueIdentifier>{8d35c606-c476-48e3-bdfa-dba999d7be85}</UniqueIdentifier>
    </Filter>
  </ItemGroup>
  <ItemGroup>
    <ClCompile Include="Utilidades.cpp">
      <Filter>Archivos de origen\Utilidades</Filter>
    </ClCompile>
    <ClCompile Include="Login.cpp">
      <Filter>Archivos de origen\Login</Filter>
    </ClCompile>
    <ClCompile Include="AdministradorCancion.cpp">
      <Filter>Archivos de origen\Clases</Filter>
    </ClCompile>
    <ClCompile Include="AdministradorCompartirCancion.cpp">
      <Filter>Archivos de origen\Clases</Filter>
    </ClCompile>
    <ClCompile Include="AdministradorDatosValoracion.cpp">
      <Filter>Archivos de origen\Clases</Filter>
    </ClCompile>
    <ClCompile Include="EnlaceFavorito.cpp">
      <Filter>Archivos de origen\Clases</Filter>
    </ClCompile>
    <ClCompile Include="Historial.cpp">
      <Filter>Archivos de origen\Clases</Filter>
    </ClCompile>
    <ClCompile Include="AdministradorPodcast.cpp">
      <Filter>Archivos de origen\Clases</Filter>
    </ClCompile>
    <ClCompile Include="Cancion.cpp">
      <Filter>Archivos de origen\Clases</Filter>
    </ClCompile>
    <ClCompile Include="Usuario.cpp">
      <Filter>Archivos de origen\Usuario</Filter>
    </ClCompile>
    <ClCompile Include="CancionOrdenado.cpp">
      <Filter>Archivos de origen\Clases</Filter>
    </ClCompile>
    <ClCompile Include="CompartirCancionOrdenado.cpp">
      <Filter>Archivos de origen\Clases</Filter>
    </ClCompile>
    <ClCompile Include="PodcastOrdenado.cpp">
      <Filter>Archivos de origen\Clases</Filter>
    </ClCompile>
    <ClCompile Include="DatosValoracionesOrdenado.cpp">
      <Filter>Archivos de origen\Clases</Filter>
    </ClCompile>
    <ClCompile Include="Spotify.cpp">
      <Filter>Archivos de origen\Clases</Filter>
    </ClCompile>
    <ClCompile Include="ListaReproduccion.cpp">
      <Filter>Archivos de origen\Clases</Filter>
    </ClCompile>
  </ItemGroup>
  <ItemGroup>
    <ClInclude Include="Utilidades.h">
      <Filter>Archivos de encabezado\Utilidades</Filter>
    </ClInclude>
    <ClInclude Include="login.h">
      <Filter>Archivos de encabezado\Login</Filter>
    </ClInclude>
    <ClInclude Include="Nodo.h">
      <Filter>Archivos de encabezado\Clases</Filter>
    </ClInclude>
    <ClInclude Include="ListaEnlazada.h">
      <Filter>Archivos de encabezado\Clases</Filter>
    </ClInclude>
    <ClInclude Include="Podcast.h">
      <Filter>Archivos de encabezado\Clases</Filter>
    </ClInclude>
    <ClInclude Include="CompartirCancion.h">
      <Filter>Archivos de encabezado\Clases</Filter>
    </ClInclude>
    <ClInclude Include="DatosValoracion.h">
      <Filter>Archivos de encabezado\Clases</Filter>
    </ClInclude>
    <ClInclude Include="ColaCircular.h">
      <Filter>Archivos de encabezado\Clases</Filter>
    </ClInclude>
    <ClInclude Include="AdministradorPodcast.h">
      <Filter>Archivos de encabezado\Clases</Filter>
    </ClInclude>
    <ClInclude Include="AdministradorCancion.h">
      <Filter>Archivos de encabezado\Clases</Filter>
    </ClInclude>
    <ClInclude Include="Historial.h">
      <Filter>Archivos de encabezado\Clases</Filter>
    </ClInclude>
    <ClInclude Include="EnlaceFavorito.h">
      <Filter>Archivos de encabezado\Clases</Filter>
    </ClInclude>
    <ClInclude Include="AdministradorCompartirCancion.h">
      <Filter>Archivos de encabezado\Clases</Filter>
    </ClInclude>
    <ClInclude Include="AdministradorDatosValoracion.h">
      <Filter>Archivos de encabezado\Clases</Filter>
    </ClInclude>
    <ClInclude Include="Cancion.h">
      <Filter>Archivos de encabezado\Clases</Filter>
    </ClInclude>
    <ClInclude Include="Usuario.h">
      <Filter>Archivos de encabezado\Usuario</Filter>
    </ClInclude>
    <ClInclude Include="GeneradorEnlaceFavorito.h">
      <Filter>Archivos de encabezado\Clases</Filter>
    </ClInclude>
    <ClInclude Include="CancionOrdenado.h">
      <Filter>Archivos de encabezado\Clases</Filter>
    </ClInclude>
    <ClInclude Include="CompartirCancionOrdenado.h">
      <Filter>Archivos de encabezado\Clases</Filter>
    </ClInclude>
    <ClInclude Include="DatosValoracionOrdenado.h">
      <Filter>Archivos de encabezado\Clases</Filter>
    </ClInclude>
    <ClInclude Include="PodcastOrdenado.h">
      <Filter>Archivos de encabezado\Clases</Filter>
    </ClInclude>
    <ClInclude Include="GuiaUsuario.h">
      <Filter>Archivos de encabezado\Clases</Filter>
    </ClInclude>
    <ClInclude Include="ListaReproduccion.h">
      <Filter>Archivos de encabezado\Clases</Filter>
    </ClInclude>
    <ClInclude Include="Creditos.h">
      <Filter>Archivos de encabezado\Clases</Filter>
    </ClInclude>
  </ItemGroup>
</Project>